50a713bd8dd509a76756db67155ef67d74f7193ca74f8c17b2adcc5bbcd0067a  design/companygraph/DESIGN.md
0b18179e5e4c3b5306b16989fb16843c3b71a73ca0b749968356080a5b23e4db  design/companygraph/README.md
a2860d8a23f26c74d402386a48581f8e162429a6f579bffd16688fe1a4b70fe6  design/companygraph/companygraph-journeys.html
a392b2c28a6f5160c131113af5ffebede2b229251fd9ed0e98e500177c403f9b  design/companygraph/companygraph-user-stories.html
fca2c9c2a137c75201c083f4774ea73cde4386a044f56f3b9e27bac02e057e5c  design/companygraph/companygraph-views.html
14b195ee438165323441060fad3eb6bc458bb880b607ca4b00cdcc497aa36eb0  design/companygraph/docker-compose.yml
f9ce85da87968dc5fa269a157e6f0bc6a2a9df384e13e76e7137e48ed86b6e75  design/companygraph/index.html
1d9f474db778d0b31dd28a530b15de66d3cd9e6d32f371afc7faed2e18d7ee3d  design/companygraph/pwa/index.html
